
Microsoft Visual Studio Solution File, Format Version 12.00
Project("{FAE04EC0-301F-11D3-BF4B-00C04F79EFBC}") = "UserPanelApp", "UserPanelApp.csproj", "{0E70C4BE-BDA2-44EB-B29C-3D05E93BABEB}"
EndProject
Global
	GlobalSection(SolutionConfigurationPlatforms) = preSolution
		Debug|Any CPU = Debug|Any CPU
		Release|Any CPU = Release|Any CPU
	EndGlobalSection
	GlobalSection(ProjectConfigurationPlatforms) = postSolution
		{0E70C4BE-BDA2-44EB-B29C-3D05E93BABEB}.Debug|Any CPU.ActiveCfg = Debug|Any CPU
		{0E70C4BE-BDA2-44EB-B29C-3D05E93BABEB}.Debug|Any CPU.Build.0 = Debug|Any CPU
		{0E70C4BE-BDA2-44EB-B29C-3D05E93BABEB}.Release|Any CPU.ActiveCfg = Release|Any CPU
		{0E70C4BE-BDA2-44EB-B29C-3D05E93BABEB}.Release|Any CPU.Build.0 = Release|Any CPU
	EndGlobalSection
EndGlobal
